
Microsoft Visual Studio Solution File, Format Version 12.00
# Visual Studio Version 17
VisualStudioVersion = 17.6.33723.286
MinimumVisualStudioVersion = 10.0.40219.1
Project("{FAE04EC0-301F-11D3-BF4B-00C04F79EFBC}") = "Even_Odd_Indexed_Binary_Challenge", "Even_Odd_Indexed_Binary_Challenge.csproj", "{94F1B6C0-872A-4D4B-9F5F-6A91B461147D}"
EndProject
Global
	GlobalSection(SolutionConfigurationPlatforms) = preSolution
		Debug|Any CPU = Debug|Any CPU
		Release|Any CPU = Release|Any CPU
	EndGlobalSection
	GlobalSection(ProjectConfigurationPlatforms) = postSolution
		{94F1B6C0-872A-4D4B-9F5F-6A91B461147D}.Debug|Any CPU.ActiveCfg = Debug|Any CPU
		{94F1B6C0-872A-4D4B-9F5F-6A91B461147D}.Debug|Any CPU.Build.0 = Debug|Any CPU
		{94F1B6C0-872A-4D4B-9F5F-6A91B461147D}.Release|Any CPU.ActiveCfg = Release|Any CPU
		{94F1B6C0-872A-4D4B-9F5F-6A91B461147D}.Release|Any CPU.Build.0 = Release|Any CPU
	EndGlobalSection
	GlobalSection(SolutionProperties) = preSolution
		HideSolutionNode = FALSE
	EndGlobalSection
	GlobalSection(ExtensibilityGlobals) = postSolution
		SolutionGuid = {62F8CDF3-DB8B-4962-88F0-DFA8FE803EAA}
	EndGlobalSection
EndGlobal
